PODS:
  - FlexDataSource (0.1.6):
    - fuikit
  - fuikit (0.0.7)
  - FunNet/Core (0.0.1):
    - LithoOperators
  - FunNet/ReactiveSwift (0.0.1):
    - FunNet/Core
    - LithoOperators
    - ReactiveSwift
  - LithoOperators (0.1.1):
    - Prelude
  - LithoUXComponents (0.1.1):
    - FlexDataSource
    - fuikit
    - FunNet/ReactiveSwift
    - LUX/Auth
    - LUX/Base
    - LUX/Utilities
    - Prelude (~> 3.0)
    - ReactiveSwift
    - Slippers
  - LUX/Auth (0.2.13)
  - LUX/Base (0.2.13):
    - FlexDataSource
    - fuikit
    - FunNet/Core
    - LithoOperators
    - Prelude (~> 3.0)
    - SDWebImage
    - Slippers
  - LUX/Utilities (0.2.13):
    - Prelude (~> 3.0)
  - PlaygroundVCHelpers (0.0.2)
  - Prelude (3.0.0)
  - ReactiveSwift (6.5.0)
  - SDWebImage (5.10.2):
    - SDWebImage/Core (= 5.10.2)
  - SDWebImage/Core (5.10.2)
  - Slippers (0.1.1)

DEPENDENCIES:
  - FlexDataSource (from `https://github.com/ThryvInc/flex-data-source`)
  - fuikit (from `https://github.com/ThryvInc/fuikit`)
  - FunNet/ReactiveSwift (from `https://github.com/schrockblock/funnet`)
  - LithoOperators (from `https://github.com/ThryvInc/LithoOperators`)
  - LithoUXComponents (from `../`)
  - LUX/Auth (from `https://github.com/ThryvInc/LUX`)
  - LUX/Base (from `https://github.com/ThryvInc/LUX`)
  - LUX/Utilities (from `https://github.com/ThryvInc/LUX`)
  - PlaygroundVCHelpers (from `https://github.com/ThryvInc/playground-vc-helpers`)
  - Slippers (from `https://github.com/ThryvInc/slippers`)

SPEC REPOS:
  trunk:
    - Prelude
    - ReactiveSwift
    - SDWebImage

EXTERNAL SOURCES:
  FlexDataSource:
    :git: https://github.com/ThryvInc/flex-data-source
  fuikit:
    :git: https://github.com/ThryvInc/fuikit
  FunNet:
    :git: https://github.com/schrockblock/funnet
  LithoOperators:
    :git: https://github.com/ThryvInc/LithoOperators
  LithoUXComponents:
    :path: "../"
  LUX:
    :git: https://github.com/ThryvInc/LUX
  PlaygroundVCHelpers:
    :git: https://github.com/ThryvInc/playground-vc-helpers
  Slippers:
    :git: https://github.com/ThryvInc/slippers

CHECKOUT OPTIONS:
  FlexDataSource:
    :commit: ff640567fcbcf7f2db09b5264614dc4bc5811a5f
    :git: https://github.com/ThryvInc/flex-data-source
  fuikit:
    :commit: 19d514bd7f9278645973d1811cd867ebe8e8c696
    :git: https://github.com/ThryvInc/fuikit
  FunNet:
    :commit: e49900be06b6be2c88536ff71b37ef3cb4db1afe
    :git: https://github.com/schrockblock/funnet
  LithoOperators:
    :commit: 1b7301183184a4a26cbdc4f83cc53fdbbbff1d63
    :git: https://github.com/ThryvInc/LithoOperators
  LUX:
    :commit: 91cccea43ec557b8451fc24f2a3ad7032bb5fda1
    :git: https://github.com/ThryvInc/LUX
  PlaygroundVCHelpers:
    :commit: 1b1f5ed572a1965e1d52bbc1b21f3796a6f144e2
    :git: https://github.com/ThryvInc/playground-vc-helpers
  Slippers:
    :commit: c73ac0ab4d39bf981dda7caa23d959a5f22f2bb9
    :git: https://github.com/ThryvInc/slippers

SPEC CHECKSUMS:
  FlexDataSource: 411e77d3a933d71ae3094e3d4d6ccedd3419f29e
  fuikit: 9e4c918280be6b292e4564564dd11495e5f91861
  FunNet: e01c3f3e4258f64657bdb2476236e064db2cd9b9
  LithoOperators: ca90994e1aa8e66eda3dcffe89095869ef5b4b66
  LithoUXComponents: 39115eeeb15a3a06311c8629340a488411d6a7aa
  LUX: 4868e24f75013aef7476477c83b9833d96b52b6a
  PlaygroundVCHelpers: c7cc8994d2851ebd1590217101b4c6888d1c9cc8
  Prelude: fe4cc0fd961d34edf48fe6b04d05c863449efb0a
  ReactiveSwift: 8d159904084e908856cde90b2e28823f3c7e485f
  SDWebImage: b969dcfc02c40a5da71eac0b03b8f1a0c794a86f
  Slippers: 3814c93fd93305f918a984e724d5db4d9569a660

PODFILE CHECKSUM: 6344985eaecc0d83deb9ef4449f916dac8edf53f

COCOAPODS: 1.10.0
