PODS:
  - FlexDataSource (0.1.0)
  - FunNet/Core (0.0.1):
    - LithoOperators
  - FunNet/ReactiveSwift (0.0.1):
    - FunNet/Core
    - LithoOperators
    - ReactiveSwift
  - LithoOperators (0.0.11):
    - Prelude
  - LithoUXComponents (0.0.7):
    - FlexDataSource
    - FunNet/ReactiveSwift
    - LUX/Auth
    - LUX/Base
    - LUX/Utilities
    - Prelude (~> 3.0)
    - ReactiveSwift
  - LUX/Auth (0.1.2)
  - LUX/Base (0.1.2):
    - FlexDataSource
    - FunNet/Core
    - LithoOperators
    - Prelude (~> 3.0)
  - LUX/Utilities (0.1.2):
    - Prelude (~> 3.0)
  - PlaygroundVCHelpers (0.0.2)
  - Prelude (3.0.0)
  - ReactiveSwift (6.2.1)

DEPENDENCIES:
  - FlexDataSource (from `https://github.com/ThryvInc/flex-data-source`)
  - FunNet/ReactiveSwift (from `https://github.com/schrockblock/funnet`)
  - LithoOperators (from `https://github.com/ThryvInc/LithoOperators`)
  - LithoUXComponents (from `../`)
  - LUX/Auth (from `https://github.com/ThryvInc/LUX`)
  - LUX/Base (from `https://github.com/ThryvInc/LUX`)
  - LUX/Utilities (from `https://github.com/ThryvInc/LUX`)
  - PlaygroundVCHelpers (from `https://github.com/ThryvInc/playground-vc-helpers`)

SPEC REPOS:
  trunk:
    - Prelude
    - ReactiveSwift

EXTERNAL SOURCES:
  FlexDataSource:
    :git: https://github.com/ThryvInc/flex-data-source
  FunNet:
    :git: https://github.com/schrockblock/funnet
  LithoOperators:
    :git: https://github.com/ThryvInc/LithoOperators
  LithoUXComponents:
    :path: "../"
  LUX:
    :git: https://github.com/ThryvInc/LUX
  PlaygroundVCHelpers:
    :git: https://github.com/ThryvInc/playground-vc-helpers

CHECKOUT OPTIONS:
  FlexDataSource:
    :commit: 327c48129a20906c978b9420473cd35779fccf7e
    :git: https://github.com/ThryvInc/flex-data-source
  FunNet:
    :commit: 421395a64a5e70853dde6c1c9f59ea762a4ad1cf
    :git: https://github.com/schrockblock/funnet
  LithoOperators:
    :commit: 9842f69967e5f16b4782b18c6ff3057ae23fff6d
    :git: https://github.com/ThryvInc/LithoOperators
  LUX:
    :commit: fb38ba0ed5c0503316712badf1ca201058fb4e79
    :git: https://github.com/ThryvInc/LUX
  PlaygroundVCHelpers:
    :commit: 1b1f5ed572a1965e1d52bbc1b21f3796a6f144e2
    :git: https://github.com/ThryvInc/playground-vc-helpers

SPEC CHECKSUMS:
  FlexDataSource: 77c91077c71a09624a3999054bf1d2ad7745ca0b
  FunNet: 08de074e98b1bc00a6340f1316e4deb07056462c
  LithoOperators: 4c48d2951a4999d9c3ac194d44933782710c5201
  LithoUXComponents: 7019116d34af82793dd4a3751dbe0cec09fa23e3
  LUX: cd762fd77f7fb40361c30315d1e36aad2d1f51eb
  PlaygroundVCHelpers: c7cc8994d2851ebd1590217101b4c6888d1c9cc8
  Prelude: fe4cc0fd961d34edf48fe6b04d05c863449efb0a
  ReactiveSwift: 07ddf579f4eb3ee3bd656214f0461aaf2c0fd639

PODFILE CHECKSUM: e81fec557392b6316f6d6016300bc092f2d82bdb

COCOAPODS: 1.9.0
