PODS:
  - FlexDataSource (0.2.0):
    - fuikit
  - fuikit (0.1.5):
    - fuikit/Core (= 0.1.5)
    - fuikit/CoreBluetooth (= 0.1.5)
    - fuikit/CoreLocation (= 0.1.5)
  - fuikit/Core (0.1.5)
  - fuikit/CoreBluetooth (0.1.5)
  - fuikit/CoreLocation (0.1.5)
  - FunNet/Core (0.1.1):
    - LithoOperators
  - FunNet/ReactiveSwift (0.1.1):
    - FunNet/Core
    - LithoOperators
    - ReactiveSwift
  - LithoOperators (0.1.4):
    - Prelude
  - LithoUtils/Core (0.1.0):
    - fuikit
    - LithoOperators
  - LithoUXComponents (0.1.1):
    - FlexDataSource
    - fuikit
    - FunNet/ReactiveSwift
    - LithoUtils/Core
    - LUX/Auth
    - LUX/Base
    - Prelude (~> 3.0)
    - ReactiveSwift
    - Slippers
  - LUX/Auth (0.2.20):
    - LithoUtils/Core
  - LUX/Base (0.2.20):
    - FlexDataSource
    - fuikit/Core
    - FunNet/Core
    - LithoOperators
    - LithoUtils/Core
    - Prelude (~> 3.0)
    - SDWebImage
    - Slippers
  - LUX/Utilities (0.2.20):
    - LithoUtils/Core
    - Prelude (~> 3.0)
  - PlaygroundVCHelpers (0.0.2)
  - Prelude (3.0.0)
  - ReactiveSwift (6.6.0)
  - SDWebImage (5.11.1):
    - SDWebImage/Core (= 5.11.1)
  - SDWebImage/Core (5.11.1)
  - Slippers (0.1.1)

DEPENDENCIES:
  - FlexDataSource (from `https://github.com/ThryvInc/flex-data-source`)
  - fuikit (from `https://github.com/ThryvInc/fuikit`)
  - FunNet/ReactiveSwift (from `https://github.com/schrockblock/funnet`)
  - LithoOperators (from `https://github.com/ThryvInc/LithoOperators`)
  - LithoUtils/Core (from `https://github.com/ThryvInc/litho-utils`)
  - LithoUXComponents (from `../`)
  - LUX/Auth (from `https://github.com/ThryvInc/LUX`)
  - LUX/Base (from `https://github.com/ThryvInc/LUX`)
  - LUX/Utilities (from `https://github.com/ThryvInc/LUX`)
  - PlaygroundVCHelpers (from `https://github.com/ThryvInc/playground-vc-helpers`)
  - Slippers (from `https://github.com/ThryvInc/slippers`)

SPEC REPOS:
  trunk:
    - Prelude
    - ReactiveSwift
    - SDWebImage

EXTERNAL SOURCES:
  FlexDataSource:
    :git: https://github.com/ThryvInc/flex-data-source
  fuikit:
    :git: https://github.com/ThryvInc/fuikit
  FunNet:
    :git: https://github.com/schrockblock/funnet
  LithoOperators:
    :git: https://github.com/ThryvInc/LithoOperators
  LithoUtils:
    :git: https://github.com/ThryvInc/litho-utils
  LithoUXComponents:
    :path: "../"
  LUX:
    :git: https://github.com/ThryvInc/LUX
  PlaygroundVCHelpers:
    :git: https://github.com/ThryvInc/playground-vc-helpers
  Slippers:
    :git: https://github.com/ThryvInc/slippers

CHECKOUT OPTIONS:
  FlexDataSource:
    :commit: d6d7d542d2f1ff514d8cd570301a3ef85e28d9dd
    :git: https://github.com/ThryvInc/flex-data-source
  fuikit:
    :commit: fdc92715a7401a323be9ac3f4960c6a890e47f24
    :git: https://github.com/ThryvInc/fuikit
  FunNet:
    :commit: 9ca5a81f8b96a71b2cd671fca642a152823c3704
    :git: https://github.com/schrockblock/funnet
  LithoOperators:
    :commit: a39bdd37f06f50e8284d94dbcd13caf116883cde
    :git: https://github.com/ThryvInc/LithoOperators
  LithoUtils:
    :commit: ab690d6a0e1ca0db425d53ae90462246e8d1342e
    :git: https://github.com/ThryvInc/litho-utils
  LUX:
    :commit: 96befc9b7e98fd2ae1a6a82ddb12af03cf8ff7fa
    :git: https://github.com/ThryvInc/LUX
  PlaygroundVCHelpers:
    :commit: 1b1f5ed572a1965e1d52bbc1b21f3796a6f144e2
    :git: https://github.com/ThryvInc/playground-vc-helpers
  Slippers:
    :commit: c73ac0ab4d39bf981dda7caa23d959a5f22f2bb9
    :git: https://github.com/ThryvInc/slippers

SPEC CHECKSUMS:
  FlexDataSource: 7ac68abd6ca54a3c043cad19104644ab25c31842
  fuikit: 976080e1c04037e01d14541135a104cb208d8c0d
  FunNet: e66d2df77a5663556970a1914c5911ecde2842ef
  LithoOperators: 8fc0c6a49e34a8d1ca01b777844f58e36c062d9f
  LithoUtils: 3d89146680c1a7449334069cc75a092c32dde585
  LithoUXComponents: a0bb7e373fd5a7f436ad3f3174630f04197e895e
  LUX: 98b3495fc34d7fdb4ec47b4ad5a9d69e5838343d
  PlaygroundVCHelpers: c7cc8994d2851ebd1590217101b4c6888d1c9cc8
  Prelude: fe4cc0fd961d34edf48fe6b04d05c863449efb0a
  ReactiveSwift: be9407e2aaf8a11e53a5229255693cffd9a63ccf
  SDWebImage: a7f831e1a65eb5e285e3fb046a23fcfbf08e696d
  Slippers: 3814c93fd93305f918a984e724d5db4d9569a660

PODFILE CHECKSUM: 151d3796de7ef1ef07bde617494d6f2a825db034

COCOAPODS: 1.10.1
